
Microsoft Visual Studio Solution File, Format Version 12.00
# Visual Studio Version 16
VisualStudioVersion = 16.0.29806.167
MinimumVisualStudioVersion = 10.0.40219.1
Project("{FAE04EC0-301F-11D3-BF4B-00C04F79EFBC}") = "Example_Excel", "Example_Excel\Example_Excel.csproj", "{38637CF5-B6E0-4CCB-87AA-9930E43BA47E}"
EndProject
Project("{FAE04EC0-301F-11D3-BF4B-00C04F79EFBC}") = "Example_Resources", "Example_Resources\Example_Resources.csproj", "{6314C11B-0979-4535-AA72-A96945CAF652}"
EndProject
Project("{FAE04EC0-301F-11D3-BF4B-00C04F79EFBC}") = "Internationalization", "Internationalization\Internationalization.csproj", "{015E75B9-32E2-4D96-AFCA-98BA3137FD0A}"
EndProject
Project("{2150E333-8FDC-42A3-9474-1A3956D46DE8}") = "Solution Items", "Solution Items", "{FBDFC6E0-5342-4F87-8E1B-F8A184EBE0DC}"
	ProjectSection(SolutionItems) = preProject
		..\.editorconfig = ..\.editorconfig
		..\README.md = ..\README.md
	EndProjectSection
EndProject
Project("{FAE04EC0-301F-11D3-BF4B-00C04F79EFBC}") = "InternationalizationTests", "InternationalizationTests\InternationalizationTests.csproj", "{71B71CC3-56A3-48A2-9901-63F7FB9F7617}"
EndProject
Global
	GlobalSection(SolutionConfigurationPlatforms) = preSolution
		Debug|Any CPU = Debug|Any CPU
		Release|Any CPU = Release|Any CPU
		test|Any CPU = test|Any CPU
	EndGlobalSection
	GlobalSection(ProjectConfigurationPlatforms) = postSolution
		{38637CF5-B6E0-4CCB-87AA-9930E43BA47E}.Debug|Any CPU.ActiveCfg = Debug|Any CPU
		{38637CF5-B6E0-4CCB-87AA-9930E43BA47E}.Debug|Any CPU.Build.0 = Debug|Any CPU
		{38637CF5-B6E0-4CCB-87AA-9930E43BA47E}.Release|Any CPU.ActiveCfg = Release|Any CPU
		{38637CF5-B6E0-4CCB-87AA-9930E43BA47E}.Release|Any CPU.Build.0 = Release|Any CPU
		{38637CF5-B6E0-4CCB-87AA-9930E43BA47E}.test|Any CPU.ActiveCfg = Release|Any CPU
		{38637CF5-B6E0-4CCB-87AA-9930E43BA47E}.test|Any CPU.Build.0 = Release|Any CPU
		{6314C11B-0979-4535-AA72-A96945CAF652}.Debug|Any CPU.ActiveCfg = Debug|Any CPU
		{6314C11B-0979-4535-AA72-A96945CAF652}.Debug|Any CPU.Build.0 = Debug|Any CPU
		{6314C11B-0979-4535-AA72-A96945CAF652}.Release|Any CPU.ActiveCfg = Release|Any CPU
		{6314C11B-0979-4535-AA72-A96945CAF652}.Release|Any CPU.Build.0 = Release|Any CPU
		{6314C11B-0979-4535-AA72-A96945CAF652}.test|Any CPU.ActiveCfg = Release|Any CPU
		{6314C11B-0979-4535-AA72-A96945CAF652}.test|Any CPU.Build.0 = Release|Any CPU
		{015E75B9-32E2-4D96-AFCA-98BA3137FD0A}.Debug|Any CPU.ActiveCfg = Debug|Any CPU
		{015E75B9-32E2-4D96-AFCA-98BA3137FD0A}.Debug|Any CPU.Build.0 = Debug|Any CPU
		{015E75B9-32E2-4D96-AFCA-98BA3137FD0A}.Release|Any CPU.ActiveCfg = Release|Any CPU
		{015E75B9-32E2-4D96-AFCA-98BA3137FD0A}.Release|Any CPU.Build.0 = Release|Any CPU
		{015E75B9-32E2-4D96-AFCA-98BA3137FD0A}.test|Any CPU.ActiveCfg = test|Any CPU
		{015E75B9-32E2-4D96-AFCA-98BA3137FD0A}.test|Any CPU.Build.0 = test|Any CPU
		{71B71CC3-56A3-48A2-9901-63F7FB9F7617}.Debug|Any CPU.ActiveCfg = Debug|Any CPU
		{71B71CC3-56A3-48A2-9901-63F7FB9F7617}.Debug|Any CPU.Build.0 = Debug|Any CPU
		{71B71CC3-56A3-48A2-9901-63F7FB9F7617}.Release|Any CPU.ActiveCfg = Release|Any CPU
		{71B71CC3-56A3-48A2-9901-63F7FB9F7617}.Release|Any CPU.Build.0 = Release|Any CPU
		{71B71CC3-56A3-48A2-9901-63F7FB9F7617}.test|Any CPU.ActiveCfg = Release|Any CPU
		{71B71CC3-56A3-48A2-9901-63F7FB9F7617}.test|Any CPU.Build.0 = Release|Any CPU
	EndGlobalSection
	GlobalSection(SolutionProperties) = preSolution
		HideSolutionNode = FALSE
	EndGlobalSection
	GlobalSection(ExtensibilityGlobals) = postSolution
		SolutionGuid = {383701D3-C090-45AE-B604-027E115BDD0F}
	EndGlobalSection
EndGlobal
